// !$*UTF8*$!
{
	archiveVersion = 1;
	classes = {
	};
	objectVersion = 55;
	objects = {

/* Begin PBXBuildFile section */
		EDC6D1E327ACA94F00DC9818 /* AppDelegate.swift in Sources */ = {isa = PBXBuildFile; fileRef = EDC6D1E227ACA94F00DC9818 /* AppDelegate.swift */; };
		EDC6D1E527ACA94F00DC9818 /* SceneDelegate.swift in Sources */ = {isa = PBXBuildFile; fileRef = EDC6D1E427ACA94F00DC9818 /* SceneDelegate.swift */; };
		EDC6D1E727ACA94F00DC9818 /* ViewController.swift in Sources */ = {isa = PBXBuildFile; fileRef = EDC6D1E627ACA94F00DC9818 /* ViewController.swift */; };
		EDC6D1EA27ACA94F00DC9818 /* Main.storyboard in Resources */ = {isa = PBXBuildFile; fileRef = EDC6D1E827ACA94F00DC9818 /* Main.storyboard */; };
		EDC6D1EC27ACA95100DC9818 /* Assets.xcassets in Resources */ = {isa = PBXBuildFile; fileRef = EDC6D1EB27ACA95100DC9818 /* Assets.xcassets */; };
		EDC6D1EF27ACA95100DC9818 /* LaunchScreen.storyboard in Resources */ = {isa = PBXBuildFile; fileRef = EDC6D1ED27ACA95100DC9818 /* LaunchScreen.storyboard */; };
		EDC6D1FA27ACA95100DC9818 /* ZemogaMobileTestTests.swift in Sources */ = {isa = PBXBuildFile; fileRef = EDC6D1F927ACA95100DC9818 /* ZemogaMobileTestTests.swift */; };
		EDC6D20427ACA95100DC9818 /* ZemogaMobileTestUITests.swift in Sources */ = {isa = PBXBuildFile; fileRef = EDC6D20327ACA95100DC9818 /* ZemogaMobileTestUITests.swift */; };
		EDC6D20627ACA95100DC9818 /* ZemogaMobileTestUITestsLaunchTests.swift in Sources */ = {isa = PBXBuildFile; fileRef = EDC6D20527ACA95100DC9818 /* ZemogaMobileTestUITestsLaunchTests.swift */; };
/* End PBXBuildFile section */

/* Begin PBXContainerItemProxy section */
		EDC6D1F627ACA95100DC9818 /* PBXContainerItemProxy */ = {
			isa = PBXContainerItemProxy;
			containerPortal = EDC6D1D727ACA94F00DC9818 /* Project object */;
			proxyType = 1;
			remoteGlobalIDString = EDC6D1DE27ACA94F00DC9818;
			remoteInfo = ZemogaMobileTest;
		};
		EDC6D20027ACA95100DC9818 /* PBXContainerItemProxy */ = {
			isa = PBXContainerItemProxy;
			containerPortal = EDC6D1D727ACA94F00DC9818 /* Project object */;
			proxyType = 1;
			remoteGlobalIDString = EDC6D1DE27ACA94F00DC9818;
			remoteInfo = ZemogaMobileTest;
		};
/* End PBXContainerItemProxy section */

/* Begin PBXFileReference section */
		EDC6D1DF27ACA94F00DC9818 /* ZemogaMobileTest.app */ = {isa = PBXFileReference; explicitFileType = wrapper.application; includeInIndex = 0; path = ZemogaMobileTest.app; sourceTree = BUILT_PRODUCTS_DIR; };
		EDC6D1E227ACA94F00DC9818 /* AppDelegate.swift */ = {isa = PBXFileReference; lastKnownFileType = sourcecode.swift; path = AppDelegate.swift; sourceTree = "<group>"; };
		EDC6D1E427ACA94F00DC9818 /* SceneDelegate.swift */ = {isa = PBXFileReference; lastKnownFileType = sourcecode.swift; path = SceneDelegate.swift; sourceTree = "<group>"; };
		EDC6D1E627ACA94F00DC9818 /* ViewController.swift */ = {isa = PBXFileReference; lastKnownFileType = sourcecode.swift; path = ViewController.swift; sourceTree = "<group>"; };
		EDC6D1E927ACA94F00DC9818 /* Base */ = {isa = PBXFileReference; lastKnownFileType = file.storyboard; name = Base; path = Base.lproj/Main.storyboard; sourceTree = "<group>"; };
		EDC6D1EB27ACA95100DC9818 /* Assets.xcassets */ = {isa = PBXFileReference; lastKnownFileType = folder.assetcatalog; path = Assets.xcassets; sourceTree = "<group>"; };
		EDC6D1EE27ACA95100DC9818 /* Base */ = {isa = PBXFileReference; lastKnownFileType = file.storyboard; name = Base; path = Base.lproj/LaunchScreen.storyboard; sourceTree = "<group>"; };
		EDC6D1F027ACA95100DC9818 /* Info.plist */ = {isa = PBXFileReference; lastKnownFileType = text.plist.xml; path = Info.plist; sourceTree = "<group>"; };
		EDC6D1F527ACA95100DC9818 /* ZemogaMobileTestTests.xctest */ = {isa = PBXFileReference; explicitFileType = wrapper.cfbundle; includeInIndex = 0; path = ZemogaMobileTestTests.xctest; sourceTree = BUILT_PRODUCTS_DIR; };
		EDC6D1F927ACA95100DC9818 /* ZemogaMobileTestTests.swift */ = {isa = PBXFileReference; lastKnownFileType = sourcecode.swift; path = ZemogaMobileTestTests.swift; sourceTree = "<group>"; };
		EDC6D1FF27ACA95100DC9818 /* ZemogaMobileTestUITests.xctest */ = {isa = PBXFileReference; explicitFileType = wrapper.cfbundle; includeInIndex = 0; path = ZemogaMobileTestUITests.xctest; sourceTree = BUILT_PRODUCTS_DIR; };
		EDC6D20327ACA95100DC9818 /* ZemogaMobileTestUITests.swift */ = {isa = PBXFileReference; lastKnownFileType = sourcecode.swift; path = ZemogaMobileTestUITests.swift; sourceTree = "<group>"; };
		EDC6D20527ACA95100DC9818 /* ZemogaMobileTestUITestsLaunchTests.swift */ = {isa = PBXFileReference; lastKnownFileType = sourcecode.swift; path = ZemogaMobileTestUITestsLaunchTests.swift; sourceTree = "<group>"; };
/* End PBXFileReference section */

/* Begin PBXFrameworksBuildPhase section */
		EDC6D1DC27ACA94F00DC9818 /* Frameworks */ = {
			isa = PBXFrameworksBuildPhase;
			buildActionMask = 2147483647;
			files = (
			);
			runOnlyForDeploymentPostprocessing = 0;
		};
		EDC6D1F227ACA95100DC9818 /* Frameworks */ = {
			isa = PBXFrameworksBuildPhase;
			buildActionMask = 2147483647;
			files = (
			);
			runOnlyForDeploymentPostprocessing = 0;
		};
		EDC6D1FC27ACA95100DC9818 /* Frameworks */ = {
			isa = PBXFrameworksBuildPhase;
			buildActionMask = 2147483647;
			files = (
			);
			runOnlyForDeploymentPostprocessing = 0;
		};
/* End PBXFrameworksBuildPhase section */

/* Begin PBXGroup section */
		EDC6D1D627ACA94F00DC9818 = {
			isa = PBXGroup;
			children = (
				EDC6D1E127ACA94F00DC9818 /* ZemogaMobileTest */,
				EDC6D1F827ACA95100DC9818 /* ZemogaMobileTestTests */,
				EDC6D20227ACA95100DC9818 /* ZemogaMobileTestUITests */,
				EDC6D1E027ACA94F00DC9818 /* Products */,
			);
			sourceTree = "<group>";
		};
		EDC6D1E027ACA94F00DC9818 /* Products */ = {
			isa = PBXGroup;
			children = (
				EDC6D1DF27ACA94F00DC9818 /* ZemogaMobileTest.app */,
				EDC6D1F527ACA95100DC9818 /* ZemogaMobileTestTests.xctest */,
				EDC6D1FF27ACA95100DC9818 /* ZemogaMobileTestUITests.xctest */,
			);
			name = Products;
			sourceTree = "<group>";
		};
		EDC6D1E127ACA94F00DC9818 /* ZemogaMobileTest */ = {
			isa = PBXGroup;
			children = (
				EDC6D1E227ACA94F00DC9818 /* AppDelegate.swift */,
				EDC6D1E427ACA94F00DC9818 /* SceneDelegate.swift */,
				EDC6D1E627ACA94F00DC9818 /* ViewController.swift */,
				EDC6D1E827ACA94F00DC9818 /* Main.storyboard */,
				EDC6D1EB27ACA95100DC9818 /* Assets.xcassets */,
				EDC6D1ED27ACA95100DC9818 /* LaunchScreen.storyboard */,
				EDC6D1F027ACA95100DC9818 /* Info.plist */,
			);
			path = ZemogaMobileTest;
			sourceTree = "<group>";
		};
		EDC6D1F827ACA95100DC9818 /* ZemogaMobileTestTests */ = {
			isa = PBXGroup;
			children = (
				EDC6D1F927ACA95100DC9818 /* ZemogaMobileTestTests.swift */,
			);
			path = ZemogaMobileTestTests;
			sourceTree = "<group>";
		};
		EDC6D20227ACA95100DC9818 /* ZemogaMobileTestUITests */ = {
			isa = PBXGroup;
			children = (
				EDC6D20327ACA95100DC9818 /* ZemogaMobileTestUITests.swift */,
				EDC6D20527ACA95100DC9818 /* ZemogaMobileTestUITestsLaunchTests.swift */,
			);
			path = ZemogaMobileTestUITests;
			sourceTree = "<group>";
		};
/* End PBXGroup section */

/* Begin PBXNativeTarget section */
		EDC6D1DE27ACA94F00DC9818 /* ZemogaMobileTest */ = {
			isa = PBXNativeTarget;
			buildConfigurationList = EDC6D20927ACA95100DC9818 /* Build configuration list for PBXNativeTarget "ZemogaMobileTest" */;
			buildPhases = (
				EDC6D1DB27ACA94F00DC9818 /* Sources */,
				EDC6D1DC27ACA94F00DC9818 /* Frameworks */,
				EDC6D1DD27ACA94F00DC9818 /* Resources */,
			);
			buildRules = (
			);
			dependencies = (
			);
			name = ZemogaMobileTest;
			productName = ZemogaMobileTest;
			productReference = EDC6D1DF27ACA94F00DC9818 /* ZemogaMobileTest.app */;
			productType = "com.apple.product-type.application";
		};
		EDC6D1F427ACA95100DC9818 /* ZemogaMobileTestTests */ = {
			isa = PBXNativeTarget;
			buildConfigurationList = EDC6D20C27ACA95100DC9818 /* Build configuration list for PBXNativeTarget "ZemogaMobileTestTests" */;
			buildPhases = (
				EDC6D1F127ACA95100DC9818 /* Sources */,
				EDC6D1F227ACA95100DC9818 /* Frameworks */,
				EDC6D1F327ACA95100DC9818 /* Resources */,
			);
			buildRules = (
			);
			dependencies = (
				EDC6D1F727ACA95100DC9818 /* PBXTargetDependency */,
			);
			name = ZemogaMobileTestTests;
			productName = ZemogaMobileTestTests;
			productReference = EDC6D1F527ACA95100DC9818 /* ZemogaMobileTestTests.xctest */;
			productType = "com.apple.product-type.bundle.unit-test";
		};
		EDC6D1FE27ACA95100DC9818 /* ZemogaMobileTestUITests */ = {
			isa = PBXNativeTarget;
			buildConfigurationList = EDC6D20F27ACA95100DC9818 /* Build configuration list for PBXNativeTarget "ZemogaMobileTestUITests" */;
			buildPhases = (
				EDC6D1FB27ACA95100DC9818 /* Sources */,
				EDC6D1FC27ACA95100DC9818 /* Frameworks */,
				EDC6D1FD27ACA95100DC9818 /* Resources */,
			);
			buildRules = (
			);
			dependencies = (
				EDC6D20127ACA95100DC9818 /* PBXTargetDependency */,
			);
			name = ZemogaMobileTestUITests;
			productName = ZemogaMobileTestUITests;
			productReference = EDC6D1FF27ACA95100DC9818 /* ZemogaMobileTestUITests.xctest */;
			productType = "com.apple.product-type.bundle.ui-testing";
		};
/* End PBXNativeTarget section */

/* Begin PBXProject section */
		EDC6D1D727ACA94F00DC9818 /* Project object */ = {
			isa = PBXProject;
			attributes = {
				BuildIndependentTargetsInParallel = 1;
				LastSwiftUpdateCheck = 1320;
				LastUpgradeCheck = 1320;
				TargetAttributes = {
					EDC6D1DE27ACA94F00DC9818 = {
						CreatedOnToolsVersion = 13.2.1;
					};
					EDC6D1F427ACA95100DC9818 = {
						CreatedOnToolsVersion = 13.2.1;
						TestTargetID = EDC6D1DE27ACA94F00DC9818;
					};
					EDC6D1FE27ACA95100DC9818 = {
						CreatedOnToolsVersion = 13.2.1;
						TestTargetID = EDC6D1DE27ACA94F00DC9818;
					};
				};
			};
			buildConfigurationList = EDC6D1DA27ACA94F00DC9818 /* Build configuration list for PBXProject "ZemogaMobileTest" */;
			compatibilityVersion = "Xcode 13.0";
			developmentRegion = en;
			hasScannedForEncodings = 0;
			knownRegions = (
				en,
				Base,
			);
			mainGroup = EDC6D1D627ACA94F00DC9818;
			productRefGroup = EDC6D1E027ACA94F00DC9818 /* Products */;
			projectDirPath = "";
			projectRoot = "";
			targets = (
				EDC6D1DE27ACA94F00DC9818 /* ZemogaMobileTest */,
				EDC6D1F427ACA95100DC9818 /* ZemogaMobileTestTests */,
				EDC6D1FE27ACA95100DC9818 /* ZemogaMobileTestUITests */,
			);
		};
/* End PBXProject section */

/* Begin PBXResourcesBuildPhase section */
		EDC6D1DD27ACA94F00DC9818 /* Resources */ = {
			isa = PBXResourcesBuildPhase;
			buildActionMask = 2147483647;
			files = (
				EDC6D1EF27ACA95100DC9818 /* LaunchScreen.storyboard in Resources */,
				EDC6D1EC27ACA95100DC9818 /* Assets.xcassets in Resources */,
				EDC6D1EA27ACA94F00DC9818 /* Main.storyboard in Resources */,
			);
			runOnlyForDeploymentPostprocessing = 0;
		};
		EDC6D1F327ACA95100DC9818 /* Resources */ = {
			isa = PBXResourcesBuildPhase;
			buildActionMask = 2147483647;
			files = (
			);
			runOnlyForDeploymentPostprocessing = 0;
		};
		EDC6D1FD27ACA95100DC9818 /* Resources */ = {
			isa = PBXResourcesBuildPhase;
			buildActionMask = 2147483647;
			files = (
			);
			runOnlyForDeploymentPostprocessing = 0;
		};
/* End PBXResourcesBuildPhase section */

/* Begin PBXSourcesBuildPhase section */
		EDC6D1DB27ACA94F00DC9818 /* Sources */ = {
			isa = PBXSourcesBuildPhase;
			buildActionMask = 2147483647;
			files = (
				EDC6D1E727ACA94F00DC9818 /* ViewController.swift in Sources */,
				EDC6D1E327ACA94F00DC9818 /* AppDelegate.swift in Sources */,
				EDC6D1E527ACA94F00DC9818 /* SceneDelegate.swift in Sources */,
			);
			runOnlyForDeploymentPostprocessing = 0;
		};
		EDC6D1F127ACA95100DC9818 /* Sources */ = {
			isa = PBXSourcesBuildPhase;
			buildActionMask = 2147483647;
			files = (
				EDC6D1FA27ACA95100DC9818 /* ZemogaMobileTestTests.swift in Sources */,
			);
			runOnlyForDeploymentPostprocessing = 0;
		};
		EDC6D1FB27ACA95100DC9818 /* Sources */ = {
			isa = PBXSourcesBuildPhase;
			buildActionMask = 2147483647;
			files = (
				EDC6D20427ACA95100DC9818 /* ZemogaMobileTestUITests.swift in Sources */,
				EDC6D20627ACA95100DC9818 /* ZemogaMobileTestUITestsLaunchTests.swift in Sources */,
			);
			runOnlyForDeploymentPostprocessing = 0;
		};
/* End PBXSourcesBuildPhase section */

/* Begin PBXTargetDependency section */
		EDC6D1F727ACA95100DC9818 /* PBXTargetDependency */ = {
			isa = PBXTargetDependency;
			target = EDC6D1DE27ACA94F00DC9818 /* ZemogaMobileTest */;
			targetProxy = EDC6D1F627ACA95100DC9818 /* PBXContainerItemProxy */;
		};
		EDC6D20127ACA95100DC9818 /* PBXTargetDependency */ = {
			isa = PBXTargetDependency;
			target = EDC6D1DE27ACA94F00DC9818 /* ZemogaMobileTest */;
			targetProxy = EDC6D20027ACA95100DC9818 /* PBXContainerItemProxy */;
		};
/* End PBXTargetDependency section */

/* Begin PBXVariantGroup section */
		EDC6D1E827ACA94F00DC9818 /* Main.storyboard */ = {
			isa = PBXVariantGroup;
			children = (
				EDC6D1E927ACA94F00DC9818 /* Base */,
			);
			name = Main.storyboard;
			sourceTree = "<group>";
		};
		EDC6D1ED27ACA95100DC9818 /* LaunchScreen.storyboard */ = {
			isa = PBXVariantGroup;
			children = (
				EDC6D1EE27ACA95100DC9818 /* Base */,
			);
			name = LaunchScreen.storyboard;
			sourceTree = "<group>";
		};
/* End PBXVariantGroup section */

/* Begin XCBuildConfiguration section */
		EDC6D20727ACA95100DC9818 /* Debug */ = {
			isa = XCBuildConfiguration;
			buildSettings = {
				ALWAYS_SEARCH_USER_PATHS = NO;
				CLANG_ANALYZER_NONNULL = YES;
				CLANG_ANALYZER_NUMBER_OBJECT_CONVERSION = YES_AGGRESSIVE;
				CLANG_CXX_LANGUAGE_STANDARD = "gnu++17";
				CLANG_CXX_LIBRARY = "libc++";
				CLANG_ENABLE_MODULES = YES;
				CLANG_ENABLE_OBJC_ARC = YES;
				CLANG_ENABLE_OBJC_WEAK = YES;
				CLANG_WARN_BLOCK_CAPTURE_AUTORELEASING = YES;
				CLANG_WARN_BOOL_CONVERSION = YES;
				CLANG_WARN_COMMA = YES;
				CLANG_WARN_CONSTANT_CONVERSION = YES;
				CLANG_WARN_DEPRECATED_OBJC_IMPLEMENTATIONS = YES;
				CLANG_WARN_DIRECT_OBJC_ISA_USAGE = YES_ERROR;
				CLANG_WARN_DOCUMENTATION_COMMENTS = YES;
				CLANG_WARN_EMPTY_BODY = YES;
				CLANG_WARN_ENUM_CONVERSION = YES;
				CLANG_WARN_INFINITE_RECURSION = YES;
				CLANG_WARN_INT_CONVERSION = YES;
				CLANG_WARN_NON_LITERAL_NULL_CONVERSION = YES;
				CLANG_WARN_OBJC_IMPLICIT_RETAIN_SELF = YES;
				CLANG_WARN_OBJC_LITERAL_CONVERSION = YES;
				CLANG_WARN_OBJC_ROOT_CLASS = YES_ERROR;
				CLANG_WARN_QUOTED_INCLUDE_IN_FRAMEWORK_HEADER = YES;
				CLANG_WARN_RANGE_LOOP_ANALYSIS = YES;
				CLANG_WARN_STRICT_PROTOTYPES = YES;
				CLANG_WARN_SUSPICIOUS_MOVE = YES;
				CLANG_WARN_UNGUARDED_AVAILABILITY = YES_AGGRESSIVE;
				CLANG_WARN_UNREACHABLE_CODE = YES;
				CLANG_WARN__DUPLICATE_METHOD_MATCH = YES;
				COPY_PHASE_STRIP = NO;
				DEBUG_INFORMATION_FORMAT = dwarf;
				ENABLE_STRICT_OBJC_MSGSEND = YES;
				ENABLE_TESTABILITY = YES;
				GCC_C_LANGUAGE_STANDARD = gnu11;
				GCC_DYNAMIC_NO_PIC = NO;
				GCC_NO_COMMON_BLOCKS = YES;
				GCC_OPTIMIZATION_LEVEL = 0;
				GCC_PREPROCESSOR_DEFINITIONS = (
					"DEBUG=1",
					"$(inherited)",
				);
				GCC_WARN_64_TO_32_BIT_CONVERSION = YES;
				GCC_WARN_ABOUT_RETURN_TYPE = YES_ERROR;
				GCC_WARN_UNDECLARED_SELECTOR = YES;
				GCC_WARN_UNINITIALIZED_AUTOS = YES_AGGRESSIVE;
				GCC_WARN_UNUSED_FUNCTION = YES;
				GCC_WARN_UNUSED_VARIABLE = YES;
				IPHONEOS_DEPLOYMENT_TARGET = 15.2;
				MTL_ENABLE_DEBUG_INFO = INCLUDE_SOURCE;
				MTL_FAST_MATH = YES;
				ONLY_ACTIVE_ARCH = YES;
				SDKROOT = iphoneos;
				SWIFT_ACTIVE_COMPILATION_CONDITIONS = DEBUG;
				SWIFT_OPTIMIZATION_LEVEL = "-Onone";
			};
			name = Debug;
		};
		EDC6D20827ACA95100DC9818 /* Release */ = {
			isa = XCBuildConfiguration;
			buildSettings = {
				ALWAYS_SEARCH_USER_PATHS = NO;
				CLANG_ANALYZER_NONNULL = YES;
				CLANG_ANALYZER_NUMBER_OBJECT_CONVERSION = YES_AGGRESSIVE;
				CLANG_CXX_LANGUAGE_STANDARD = "gnu++17";
				CLANG_CXX_LIBRARY = "libc++";
				CLANG_ENABLE_MODULES = YES;
				CLANG_ENABLE_OBJC_ARC = YES;
				CLANG_ENABLE_OBJC_WEAK = YES;
				CLANG_WARN_BLOCK_CAPTURE_AUTORELEASING = YES;
				CLANG_WARN_BOOL_CONVERSION = YES;
				CLANG_WARN_COMMA = YES;
				CLANG_WARN_CONSTANT_CONVERSION = YES;
				CLANG_WARN_DEPRECATED_OBJC_IMPLEMENTATIONS = YES;
				CLANG_WARN_DIRECT_OBJC_ISA_USAGE = YES_ERROR;
				CLANG_WARN_DOCUMENTATION_COMMENTS = YES;
				CLANG_WARN_EMPTY_BODY = YES;
				CLANG_WARN_ENUM_CONVERSION = YES;
				CLANG_WARN_INFINITE_RECURSION = YES;
				CLANG_WARN_INT_CONVERSION = YES;
				CLANG_WARN_NON_LITERAL_NULL_CONVERSION = YES;
				CLANG_WARN_OBJC_IMPLICIT_RETAIN_SELF = YES;
				CLANG_WARN_OBJC_LITERAL_CONVERSION = YES;
				CLANG_WARN_OBJC_ROOT_CLASS = YES_ERROR;
				CLANG_WARN_QUOTED_INCLUDE_IN_FRAMEWORK_HEADER = YES;
				CLANG_WARN_RANGE_LOOP_ANALYSIS = YES;
				CLANG_WARN_STRICT_PROTOTYPES = YES;
				CLANG_WARN_SUSPICIOUS_MOVE = YES;
				CLANG_WARN_UNGUARDED_AVAILABILITY = YES_AGGRESSIVE;
				CLANG_WARN_UNREACHABLE_CODE = YES;
				CLANG_WARN__DUPLICATE_METHOD_MATCH = YES;
				COPY_PHASE_STRIP = NO;
				DEBUG_INFORMATION_FORMAT = "dwarf-with-dsym";
				ENABLE_NS_ASSERTIONS = NO;
				ENABLE_STRICT_OBJC_MSGSEND = YES;
				GCC_C_LANGUAGE_STANDARD = gnu11;
				GCC_NO_COMMON_BLOCKS = YES;
				GCC_WARN_64_TO_32_BIT_CONVERSION = YES;
				GCC_WARN_ABOUT_RETURN_TYPE = YES_ERROR;
				GCC_WARN_UNDECLARED_SELECTOR = YES;
				GCC_WARN_UNINITIALIZED_AUTOS = YES_AGGRESSIVE;
				GCC_WARN_UNUSED_FUNCTION = YES;
				GCC_WARN_UNUSED_VARIABLE = YES;
				IPHONEOS_DEPLOYMENT_TARGET = 15.2;
				MTL_ENABLE_DEBUG_INFO = NO;
				MTL_FAST_MATH = YES;
				SDKROOT = iphoneos;
				SWIFT_COMPILATION_MODE = wholemodule;
				SWIFT_OPTIMIZATION_LEVEL = "-O";
				VALIDATE_PRODUCT = YES;
			};
			name = Release;
		};
		EDC6D20A27ACA95100DC9818 /* Debug */ = {
			isa = XCBuildConfiguration;
			buildSettings = {
				ASSETCATALOG_COMPILER_APPICON_NAME = AppIcon;
				ASSETCATALOG_COMPILER_GLOBAL_ACCENT_COLOR_NAME = AccentColor;
				CODE_SIGN_STYLE = Automatic;
				CURRENT_PROJECT_VERSION = 1;
				DEVELOPMENT_TEAM = 69J8NQYZZ5;
				GENERATE_INFOPLIST_FILE = YES;
				INFOPLIST_FILE = ZemogaMobileTest/Info.plist;
				INFOPLIST_KEY_UIApplicationSupportsIndirectInputEvents = YES;
				INFOPLIST_KEY_UILaunchStoryboardName = LaunchScreen;
				INFOPLIST_KEY_UIMainStoryboardFile = Main;
				INFOPLIST_KEY_UISupportedInterfaceOrientations_iPad = "UIInterfaceOrientationPortrait UIInterfaceOrientationPortraitUpsideDown UIInterfaceOrientationLandscapeLeft UIInterfaceOrientationLandscapeRight";
				INFOPLIST_KEY_UISupportedInterfaceOrientations_iPhone = "UIInterfaceOrientationPortrait UIInterfaceOrientationLandscapeLeft UIInterfaceOrientationLandscapeRight";
				LD_RUNPATH_SEARCH_PATHS = (
					"$(inherited)",
					"@executable_path/Frameworks",
				);
				MARKETING_VERSION = 1.0;
				PRODUCT_BUNDLE_IDENTIFIER = com.hexagon.ZemogaMobileTest;
				PRODUCT_NAME = "$(TARGET_NAME)";
				SWIFT_EMIT_LOC_STRINGS = YES;
				SWIFT_VERSION = 5.0;
				TARGETED_DEVICE_FAMILY = "1,2";
			};
			name = Debug;
		};
		EDC6D20B27ACA95100DC9818 /* Release */ = {
			isa = XCBuildConfiguration;
			buildSettings = {
				ASSETCATALOG_COMPILER_APPICON_NAME = AppIcon;
				ASSETCATALOG_COMPILER_GLOBAL_ACCENT_COLOR_NAME = AccentColor;
				CODE_SIGN_STYLE = Automatic;
				CURRENT_PROJECT_VERSION = 1;
				DEVELOPMENT_TEAM = 69J8NQYZZ5;
				GENERATE_INFOPLIST_FILE = YES;
				INFOPLIST_FILE = ZemogaMobileTest/Info.plist;
				INFOPLIST_KEY_UIApplicationSupportsIndirectInputEvents = YES;
				INFOPLIST_KEY_UILaunchStoryboardName = LaunchScreen;
				INFOPLIST_KEY_UIMainStoryboardFile = Main;
				INFOPLIST_KEY_UISupportedInterfaceOrientations_iPad = "UIInterfaceOrientationPortrait UIInterfaceOrientationPortraitUpsideDown UIInterfaceOrientationLandscapeLeft UIInterfaceOrientationLandscapeRight";
				INFOPLIST_KEY_UISupportedInterfaceOrientations_iPhone = "UIInterfaceOrientationPortrait UIInterfaceOrientationLandscapeLeft UIInterfaceOrientationLandscapeRight";
				LD_RUNPATH_SEARCH_PATHS = (
					"$(inherited)",
					"@executable_path/Frameworks",
				);
				MARKETING_VERSION = 1.0;
				PRODUCT_BUNDLE_IDENTIFIER = com.hexagon.ZemogaMobileTest;
				PRODUCT_NAME = "$(TARGET_NAME)";
				SWIFT_EMIT_LOC_STRINGS = YES;
				SWIFT_VERSION = 5.0;
				TARGETED_DEVICE_FAMILY = "1,2";
			};
			name = Release;
		};
		EDC6D20D27ACA95100DC9818 /* Debug */ = {
			isa = XCBuildConfiguration;
			buildSettings = {
				ALWAYS_EMBED_SWIFT_STANDARD_LIBRARIES = YES;
				BUNDLE_LOADER = "$(TEST_HOST)";
				CODE_SIGN_STYLE = Automatic;
				CURRENT_PROJECT_VERSION = 1;
				DEVELOPMENT_TEAM = 69J8NQYZZ5;
				GENERATE_INFOPLIST_FILE = YES;
				IPHONEOS_DEPLOYMENT_TARGET = 15.2;
				MARKETING_VERSION = 1.0;
				PRODUCT_BUNDLE_IDENTIFIER = com.hexagon.ZemogaMobileTestTests;
				PRODUCT_NAME = "$(TARGET_NAME)";
				SWIFT_EMIT_LOC_STRINGS = NO;
				SWIFT_VERSION = 5.0;
				TARGETED_DEVICE_FAMILY = "1,2";
				TEST_HOST = "$(BUILT_PRODUCTS_DIR)/ZemogaMobileTest.app/ZemogaMobileTest";
			};
			name = Debug;
		};
		EDC6D20E27ACA95100DC9818 /* Release */ = {
			isa = XCBuildConfiguration;
			buildSettings = {
				ALWAYS_EMBED_SWIFT_STANDARD_LIBRARIES = YES;
				BUNDLE_LOADER = "$(TEST_HOST)";
				CODE_SIGN_STYLE = Automatic;
				CURRENT_PROJECT_VERSION = 1;
				DEVELOPMENT_TEAM = 69J8NQYZZ5;
				GENERATE_INFOPLIST_FILE = YES;
				IPHONEOS_DEPLOYMENT_TARGET = 15.2;
				MARKETING_VERSION = 1.0;
				PRODUCT_BUNDLE_IDENTIFIER = com.hexagon.ZemogaMobileTestTests;
				PRODUCT_NAME = "$(TARGET_NAME)";
				SWIFT_EMIT_LOC_STRINGS = NO;
				SWIFT_VERSION = 5.0;
				TARGETED_DEVICE_FAMILY = "1,2";
				TEST_HOST = "$(BUILT_PRODUCTS_DIR)/ZemogaMobileTest.app/ZemogaMobileTest";
			};
			name = Release;
		};
		EDC6D21027ACA95100DC9818 /* Debug */ = {
			isa = XCBuildConfiguration;
			buildSettings = {
				ALWAYS_EMBED_SWIFT_STANDARD_LIBRARIES = YES;
				CODE_SIGN_STYLE = Automatic;
				CURRENT_PROJECT_VERSION = 1;
				DEVELOPMENT_TEAM = 69J8NQYZZ5;
				GENERATE_INFOPLIST_FILE = YES;
				MARKETING_VERSION = 1.0;
				PRODUCT_BUNDLE_IDENTIFIER = com.hexagon.ZemogaMobileTestUITests;
				PRODUCT_NAME = "$(TARGET_NAME)";
				SWIFT_EMIT_LOC_STRINGS = NO;
				SWIFT_VERSION = 5.0;
				TARGETED_DEVICE_FAMILY = "1,2";
				TEST_TARGET_NAME = ZemogaMobileTest;
			};
			name = Debug;
		};
		EDC6D21127ACA95100DC9818 /* Release */ = {
			isa = XCBuildConfiguration;
			buildSettings = {
				ALWAYS_EMBED_SWIFT_STANDARD_LIBRARIES = YES;
				CODE_SIGN_STYLE = Automatic;
				CURRENT_PROJECT_VERSION = 1;
				DEVELOPMENT_TEAM = 69J8NQYZZ5;
				GENERATE_INFOPLIST_FILE = YES;
				MARKETING_VERSION = 1.0;
				PRODUCT_BUNDLE_IDENTIFIER = com.hexagon.ZemogaMobileTestUITests;
				PRODUCT_NAME = "$(TARGET_NAME)";
				SWIFT_EMIT_LOC_STRINGS = NO;
				SWIFT_VERSION = 5.0;
				TARGETED_DEVICE_FAMILY = "1,2";
				TEST_TARGET_NAME = ZemogaMobileTest;
			};
			name = Release;
		};
/* End XCBuildConfiguration section */

/* Begin XCConfigurationList section */
		EDC6D1DA27ACA94F00DC9818 /* Build configuration list for PBXProject "ZemogaMobileTest" */ = {
			isa = XCConfigurationList;
			buildConfigurations = (
				EDC6D20727ACA95100DC9818 /* Debug */,
				EDC6D20827ACA95100DC9818 /* Release */,
			);
			defaultConfigurationIsVisible = 0;
			defaultConfigurationName = Release;
		};
		EDC6D20927ACA95100DC9818 /* Build configuration list for PBXNativeTarget "ZemogaMobileTest" */ = {
			isa = XCConfigurationList;
			buildConfigurations = (
				EDC6D20A27ACA95100DC9818 /* Debug */,
				EDC6D20B27ACA95100DC9818 /* Release */,
			);
			defaultConfigurationIsVisible = 0;
			defaultConfigurationName = Release;
		};
		EDC6D20C27ACA95100DC9818 /* Build configuration list for PBXNativeTarget "ZemogaMobileTestTests" */ = {
			isa = XCConfigurationList;
			buildConfigurations = (
				EDC6D20D27ACA95100DC9818 /* Debug */,
				EDC6D20E27ACA95100DC9818 /* Release */,
			);
			defaultConfigurationIsVisible = 0;
			defaultConfigurationName = Release;
		};
		EDC6D20F27ACA95100DC9818 /* Build configuration list for PBXNativeTarget "ZemogaMobileTestUITests" */ = {
			isa = XCConfigurationList;
			buildConfigurations = (
				EDC6D21027ACA95100DC9818 /* Debug */,
				EDC6D21127ACA95100DC9818 /* Release */,
			);
			defaultConfigurationIsVisible = 0;
			defaultConfigurationName = Release;
		};
/* End XCConfigurationList section */
	};
	rootObject = EDC6D1D727ACA94F00DC9818 /* Project object */;
}
