// !$*UTF8*$!
{
	archiveVersion = 1;
	classes = {
	};
	objectVersion = 55;
	objects = {

/* Begin PBXBuildFile section */
		6B8B1A7D1A20F81364B18D18 /* Pods_ZemogaMobileTest_ZemogaMobileTestUITests.framework in Frameworks */ = {isa = PBXBuildFile; fileRef = 2687BB4AE5E840CF817503CC /* Pods_ZemogaMobileTest_ZemogaMobileTestUITests.framework */; };
		D08F2BE8EC8D844E4F9F2C92 /* Pods_ZemogaMobileTestTests.framework in Frameworks */ = {isa = PBXBuildFile; fileRef = 89E8BE0072D9379C904DC8C3 /* Pods_ZemogaMobileTestTests.framework */; };
		ED01391A27B138AB0042B695 /* Observable.swift in Sources */ = {isa = PBXBuildFile; fileRef = ED01391927B138AB0042B695 /* Observable.swift */; };
		ED01391C27B13B1F0042B695 /* PostInformationViewModel.swift in Sources */ = {isa = PBXBuildFile; fileRef = ED01391B27B13B1F0042B695 /* PostInformationViewModel.swift */; };
		ED01391E27B13F6E0042B695 /* PostCellViewModel.swift in Sources */ = {isa = PBXBuildFile; fileRef = ED01391D27B13F6E0042B695 /* PostCellViewModel.swift */; };
		ED01392427B142F70042B695 /* CommentsTableViewCell.swift in Sources */ = {isa = PBXBuildFile; fileRef = ED01392227B142F70042B695 /* CommentsTableViewCell.swift */; };
		ED01392527B142F70042B695 /* CommentsTableViewCell.xib in Resources */ = {isa = PBXBuildFile; fileRef = ED01392327B142F70042B695 /* CommentsTableViewCell.xib */; };
		ED01392727B146D50042B695 /* CommentCellViewModel.swift in Sources */ = {isa = PBXBuildFile; fileRef = ED01392627B146D50042B695 /* CommentCellViewModel.swift */; };
		ED5A1F7B27ACFED500A2A4AA /* PostsListViewController.swift in Sources */ = {isa = PBXBuildFile; fileRef = ED5A1F7A27ACFED500A2A4AA /* PostsListViewController.swift */; };
		ED5A1F8127AD17C100A2A4AA /* UIColorExtension.swift in Sources */ = {isa = PBXBuildFile; fileRef = ED5A1F8027AD17C100A2A4AA /* UIColorExtension.swift */; };
		ED5A1F8327AD268F00A2A4AA /* NavigationViewController.swift in Sources */ = {isa = PBXBuildFile; fileRef = ED5A1F8227AD268F00A2A4AA /* NavigationViewController.swift */; };
		ED5A1F9827AD6E1B00A2A4AA /* PostsListTableViewCell.swift in Sources */ = {isa = PBXBuildFile; fileRef = ED5A1F9627AD6E1B00A2A4AA /* PostsListTableViewCell.swift */; };
		ED5A1F9927AD6E1B00A2A4AA /* PostsListTableViewCell.xib in Resources */ = {isa = PBXBuildFile; fileRef = ED5A1F9727AD6E1B00A2A4AA /* PostsListTableViewCell.xib */; };
		ED6A962B27B38B9B00135312 /* NotificationBannerExtension.swift in Sources */ = {isa = PBXBuildFile; fileRef = ED6A962A27B38B9B00135312 /* NotificationBannerExtension.swift */; };
		ED70B7C027AF238200388C54 /* PostInformationViewController.swift in Sources */ = {isa = PBXBuildFile; fileRef = ED70B7BF27AF238200388C54 /* PostInformationViewController.swift */; };
		ED9411FE27AF5ED7005971DA /* Post.swift in Sources */ = {isa = PBXBuildFile; fileRef = ED9411FD27AF5ED7005971DA /* Post.swift */; };
		ED94120027AF6016005971DA /* PostInformation.swift in Sources */ = {isa = PBXBuildFile; fileRef = ED9411FF27AF6016005971DA /* PostInformation.swift */; };
		ED94120227AF6675005971DA /* User.swift in Sources */ = {isa = PBXBuildFile; fileRef = ED94120127AF6675005971DA /* User.swift */; };
		ED94120427B076D5005971DA /* APIManager.swift in Sources */ = {isa = PBXBuildFile; fileRef = ED94120327B076D5005971DA /* APIManager.swift */; };
		ED94120627B08A41005971DA /* PostsListViewModel.swift in Sources */ = {isa = PBXBuildFile; fileRef = ED94120527B08A41005971DA /* PostsListViewModel.swift */; };
		ED94120827B0C776005971DA /* DBManager.swift in Sources */ = {isa = PBXBuildFile; fileRef = ED94120727B0C776005971DA /* DBManager.swift */; };
		ED94120A27B0C827005971DA /* RealmPost.swift in Sources */ = {isa = PBXBuildFile; fileRef = ED94120927B0C827005971DA /* RealmPost.swift */; };
		EDC6D1E327ACA94F00DC9818 /* AppDelegate.swift in Sources */ = {isa = PBXBuildFile; fileRef = EDC6D1E227ACA94F00DC9818 /* AppDelegate.swift */; };
		EDC6D1E527ACA94F00DC9818 /* SceneDelegate.swift in Sources */ = {isa = PBXBuildFile; fileRef = EDC6D1E427ACA94F00DC9818 /* SceneDelegate.swift */; };
		EDC6D1E727ACA94F00DC9818 /* ViewController.swift in Sources */ = {isa = PBXBuildFile; fileRef = EDC6D1E627ACA94F00DC9818 /* ViewController.swift */; };
		EDC6D1EA27ACA94F00DC9818 /* Main.storyboard in Resources */ = {isa = PBXBuildFile; fileRef = EDC6D1E827ACA94F00DC9818 /* Main.storyboard */; };
		EDC6D1EC27ACA95100DC9818 /* Assets.xcassets in Resources */ = {isa = PBXBuildFile; fileRef = EDC6D1EB27ACA95100DC9818 /* Assets.xcassets */; };
		EDC6D1EF27ACA95100DC9818 /* LaunchScreen.storyboard in Resources */ = {isa = PBXBuildFile; fileRef = EDC6D1ED27ACA95100DC9818 /* LaunchScreen.storyboard */; };
		EDC6D1FA27ACA95100DC9818 /* ZemogaMobileTestTests.swift in Sources */ = {isa = PBXBuildFile; fileRef = EDC6D1F927ACA95100DC9818 /* ZemogaMobileTestTests.swift */; };
		EDC6D20427ACA95100DC9818 /* ZemogaMobileTestUITests.swift in Sources */ = {isa = PBXBuildFile; fileRef = EDC6D20327ACA95100DC9818 /* ZemogaMobileTestUITests.swift */; };
		EDC6D20627ACA95100DC9818 /* ZemogaMobileTestUITestsLaunchTests.swift in Sources */ = {isa = PBXBuildFile; fileRef = EDC6D20527ACA95100DC9818 /* ZemogaMobileTestUITestsLaunchTests.swift */; };
		FF594B60DB2982B5CBD5A849 /* Pods_ZemogaMobileTest.framework in Frameworks */ = {isa = PBXBuildFile; fileRef = 20ED8E3505937474F9A20E94 /* Pods_ZemogaMobileTest.framework */; };
/* End PBXBuildFile section */

/* Begin PBXContainerItemProxy section */
		EDC6D1F627ACA95100DC9818 /* PBXContainerItemProxy */ = {
			isa = PBXContainerItemProxy;
			containerPortal = EDC6D1D727ACA94F00DC9818 /* Project object */;
			proxyType = 1;
			remoteGlobalIDString = EDC6D1DE27ACA94F00DC9818;
			remoteInfo = ZemogaMobileTest;
		};
		EDC6D20027ACA95100DC9818 /* PBXContainerItemProxy */ = {
			isa = PBXContainerItemProxy;
			containerPortal = EDC6D1D727ACA94F00DC9818 /* Project object */;
			proxyType = 1;
			remoteGlobalIDString = EDC6D1DE27ACA94F00DC9818;
			remoteInfo = ZemogaMobileTest;
		};
/* End PBXContainerItemProxy section */

/* Begin PBXFileReference section */
		14167E50673DA9011B15C9AF /* Pods-ZemogaMobileTestTests.debug.xcconfig */ = {isa = PBXFileReference; includeInIndex = 1; lastKnownFileType = text.xcconfig; name = "Pods-ZemogaMobileTestTests.debug.xcconfig"; path = "Target Support Files/Pods-ZemogaMobileTestTests/Pods-ZemogaMobileTestTests.debug.xcconfig"; sourceTree = "<group>"; };
		1E12A13206CF1EC5DF656730 /* Pods-ZemogaMobileTestTests.release.xcconfig */ = {isa = PBXFileReference; includeInIndex = 1; lastKnownFileType = text.xcconfig; name = "Pods-ZemogaMobileTestTests.release.xcconfig"; path = "Target Support Files/Pods-ZemogaMobileTestTests/Pods-ZemogaMobileTestTests.release.xcconfig"; sourceTree = "<group>"; };
		20ED8E3505937474F9A20E94 /* Pods_ZemogaMobileTest.framework */ = {isa = PBXFileReference; explicitFileType = wrapper.framework; includeInIndex = 0; path = Pods_ZemogaMobileTest.framework; sourceTree = BUILT_PRODUCTS_DIR; };
		2687BB4AE5E840CF817503CC /* Pods_ZemogaMobileTest_ZemogaMobileTestUITests.framework */ = {isa = PBXFileReference; explicitFileType = wrapper.framework; includeInIndex = 0; path = Pods_ZemogaMobileTest_ZemogaMobileTestUITests.framework; sourceTree = BUILT_PRODUCTS_DIR; };
		401B2A01E875BBE389A66A8D /* Pods-ZemogaMobileTest.debug.xcconfig */ = {isa = PBXFileReference; includeInIndex = 1; lastKnownFileType = text.xcconfig; name = "Pods-ZemogaMobileTest.debug.xcconfig"; path = "Target Support Files/Pods-ZemogaMobileTest/Pods-ZemogaMobileTest.debug.xcconfig"; sourceTree = "<group>"; };
		461B42458ADE147BFA1ACF40 /* Pods-ZemogaMobileTest.release.xcconfig */ = {isa = PBXFileReference; includeInIndex = 1; lastKnownFileType = text.xcconfig; name = "Pods-ZemogaMobileTest.release.xcconfig"; path = "Target Support Files/Pods-ZemogaMobileTest/Pods-ZemogaMobileTest.release.xcconfig"; sourceTree = "<group>"; };
		89E8BE0072D9379C904DC8C3 /* Pods_ZemogaMobileTestTests.framework */ = {isa = PBXFileReference; explicitFileType = wrapper.framework; includeInIndex = 0; path = Pods_ZemogaMobileTestTests.framework; sourceTree = BUILT_PRODUCTS_DIR; };
		B407363C218EF0F37442F77E /* Pods-ZemogaMobileTest-ZemogaMobileTestUITests.release.xcconfig */ = {isa = PBXFileReference; includeInIndex = 1; lastKnownFileType = text.xcconfig; name = "Pods-ZemogaMobileTest-ZemogaMobileTestUITests.release.xcconfig"; path = "Target Support Files/Pods-ZemogaMobileTest-ZemogaMobileTestUITests/Pods-ZemogaMobileTest-ZemogaMobileTestUITests.release.xcconfig"; sourceTree = "<group>"; };
		BD8CE3D272FAF11F32DF6804 /* Pods-ZemogaMobileTest-ZemogaMobileTestUITests.debug.xcconfig */ = {isa = PBXFileReference; includeInIndex = 1; lastKnownFileType = text.xcconfig; name = "Pods-ZemogaMobileTest-ZemogaMobileTestUITests.debug.xcconfig"; path = "Target Support Files/Pods-ZemogaMobileTest-ZemogaMobileTestUITests/Pods-ZemogaMobileTest-ZemogaMobileTestUITests.debug.xcconfig"; sourceTree = "<group>"; };
		ED01391927B138AB0042B695 /* Observable.swift */ = {isa = PBXFileReference; lastKnownFileType = sourcecode.swift; path = Observable.swift; sourceTree = "<group>"; };
		ED01391B27B13B1F0042B695 /* PostInformationViewModel.swift */ = {isa = PBXFileReference; lastKnownFileType = sourcecode.swift; path = PostInformationViewModel.swift; sourceTree = "<group>"; };
		ED01391D27B13F6E0042B695 /* PostCellViewModel.swift */ = {isa = PBXFileReference; lastKnownFileType = sourcecode.swift; path = PostCellViewModel.swift; sourceTree = "<group>"; };
		ED01392227B142F70042B695 /* CommentsTableViewCell.swift */ = {isa = PBXFileReference; lastKnownFileType = sourcecode.swift; path = CommentsTableViewCell.swift; sourceTree = "<group>"; };
		ED01392327B142F70042B695 /* CommentsTableViewCell.xib */ = {isa = PBXFileReference; lastKnownFileType = file.xib; path = CommentsTableViewCell.xib; sourceTree = "<group>"; };
		ED01392627B146D50042B695 /* CommentCellViewModel.swift */ = {isa = PBXFileReference; lastKnownFileType = sourcecode.swift; path = CommentCellViewModel.swift; sourceTree = "<group>"; };
		ED5A1F7A27ACFED500A2A4AA /* PostsListViewController.swift */ = {isa = PBXFileReference; lastKnownFileType = sourcecode.swift; path = PostsListViewController.swift; sourceTree = "<group>"; };
		ED5A1F8027AD17C100A2A4AA /* UIColorExtension.swift */ = {isa = PBXFileReference; lastKnownFileType = sourcecode.swift; path = UIColorExtension.swift; sourceTree = "<group>"; };
		ED5A1F8227AD268F00A2A4AA /* NavigationViewController.swift */ = {isa = PBXFileReference; lastKnownFileType = sourcecode.swift; path = NavigationViewController.swift; sourceTree = "<group>"; };
		ED5A1F9627AD6E1B00A2A4AA /* PostsListTableViewCell.swift */ = {isa = PBXFileReference; lastKnownFileType = sourcecode.swift; path = PostsListTableViewCell.swift; sourceTree = "<group>"; };
		ED5A1F9727AD6E1B00A2A4AA /* PostsListTableViewCell.xib */ = {isa = PBXFileReference; lastKnownFileType = file.xib; path = PostsListTableViewCell.xib; sourceTree = "<group>"; };
		ED6A962A27B38B9B00135312 /* NotificationBannerExtension.swift */ = {isa = PBXFileReference; lastKnownFileType = sourcecode.swift; path = NotificationBannerExtension.swift; sourceTree = "<group>"; };
		ED70B7BF27AF238200388C54 /* PostInformationViewController.swift */ = {isa = PBXFileReference; lastKnownFileType = sourcecode.swift; path = PostInformationViewController.swift; sourceTree = "<group>"; };
		ED9411FD27AF5ED7005971DA /* Post.swift */ = {isa = PBXFileReference; lastKnownFileType = sourcecode.swift; path = Post.swift; sourceTree = "<group>"; };
		ED9411FF27AF6016005971DA /* PostInformation.swift */ = {isa = PBXFileReference; lastKnownFileType = sourcecode.swift; path = PostInformation.swift; sourceTree = "<group>"; };
		ED94120127AF6675005971DA /* User.swift */ = {isa = PBXFileReference; lastKnownFileType = sourcecode.swift; path = User.swift; sourceTree = "<group>"; };
		ED94120327B076D5005971DA /* APIManager.swift */ = {isa = PBXFileReference; lastKnownFileType = sourcecode.swift; path = APIManager.swift; sourceTree = "<group>"; };
		ED94120527B08A41005971DA /* PostsListViewModel.swift */ = {isa = PBXFileReference; lastKnownFileType = sourcecode.swift; path = PostsListViewModel.swift; sourceTree = "<group>"; };
		ED94120727B0C776005971DA /* DBManager.swift */ = {isa = PBXFileReference; lastKnownFileType = sourcecode.swift; path = DBManager.swift; sourceTree = "<group>"; };
		ED94120927B0C827005971DA /* RealmPost.swift */ = {isa = PBXFileReference; lastKnownFileType = sourcecode.swift; path = RealmPost.swift; sourceTree = "<group>"; };
		EDC6D1DF27ACA94F00DC9818 /* ZemogaMobileTest.app */ = {isa = PBXFileReference; explicitFileType = wrapper.application; includeInIndex = 0; path = ZemogaMobileTest.app; sourceTree = BUILT_PRODUCTS_DIR; };
		EDC6D1E227ACA94F00DC9818 /* AppDelegate.swift */ = {isa = PBXFileReference; lastKnownFileType = sourcecode.swift; path = AppDelegate.swift; sourceTree = "<group>"; };
		EDC6D1E427ACA94F00DC9818 /* SceneDelegate.swift */ = {isa = PBXFileReference; lastKnownFileType = sourcecode.swift; path = SceneDelegate.swift; sourceTree = "<group>"; };
		EDC6D1E627ACA94F00DC9818 /* ViewController.swift */ = {isa = PBXFileReference; lastKnownFileType = sourcecode.swift; path = ViewController.swift; sourceTree = "<group>"; };
		EDC6D1E927ACA94F00DC9818 /* Base */ = {isa = PBXFileReference; lastKnownFileType = file.storyboard; name = Base; path = Base.lproj/Main.storyboard; sourceTree = "<group>"; };
		EDC6D1EB27ACA95100DC9818 /* Assets.xcassets */ = {isa = PBXFileReference; lastKnownFileType = folder.assetcatalog; path = Assets.xcassets; sourceTree = "<group>"; };
		EDC6D1EE27ACA95100DC9818 /* Base */ = {isa = PBXFileReference; lastKnownFileType = file.storyboard; name = Base; path = Base.lproj/LaunchScreen.storyboard; sourceTree = "<group>"; };
		EDC6D1F027ACA95100DC9818 /* Info.plist */ = {isa = PBXFileReference; lastKnownFileType = text.plist.xml; path = Info.plist; sourceTree = "<group>"; };
		EDC6D1F527ACA95100DC9818 /* ZemogaMobileTestTests.xctest */ = {isa = PBXFileReference; explicitFileType = wrapper.cfbundle; includeInIndex = 0; path = ZemogaMobileTestTests.xctest; sourceTree = BUILT_PRODUCTS_DIR; };
		EDC6D1F927ACA95100DC9818 /* ZemogaMobileTestTests.swift */ = {isa = PBXFileReference; lastKnownFileType = sourcecode.swift; path = ZemogaMobileTestTests.swift; sourceTree = "<group>"; };
		EDC6D1FF27ACA95100DC9818 /* ZemogaMobileTestUITests.xctest */ = {isa = PBXFileReference; explicitFileType = wrapper.cfbundle; includeInIndex = 0; path = ZemogaMobileTestUITests.xctest; sourceTree = BUILT_PRODUCTS_DIR; };
		EDC6D20327ACA95100DC9818 /* ZemogaMobileTestUITests.swift */ = {isa = PBXFileReference; lastKnownFileType = sourcecode.swift; path = ZemogaMobileTestUITests.swift; sourceTree = "<group>"; };
		EDC6D20527ACA95100DC9818 /* ZemogaMobileTestUITestsLaunchTests.swift */ = {isa = PBXFileReference; lastKnownFileType = sourcecode.swift; path = ZemogaMobileTestUITestsLaunchTests.swift; sourceTree = "<group>"; };
/* End PBXFileReference section */

/* Begin PBXFrameworksBuildPhase section */
		EDC6D1DC27ACA94F00DC9818 /* Frameworks */ = {
			isa = PBXFrameworksBuildPhase;
			buildActionMask = 2147483647;
			files = (
				FF594B60DB2982B5CBD5A849 /* Pods_ZemogaMobileTest.framework in Frameworks */,
			);
			runOnlyForDeploymentPostprocessing = 0;
		};
		EDC6D1F227ACA95100DC9818 /* Frameworks */ = {
			isa = PBXFrameworksBuildPhase;
			buildActionMask = 2147483647;
			files = (
				D08F2BE8EC8D844E4F9F2C92 /* Pods_ZemogaMobileTestTests.framework in Frameworks */,
			);
			runOnlyForDeploymentPostprocessing = 0;
		};
		EDC6D1FC27ACA95100DC9818 /* Frameworks */ = {
			isa = PBXFrameworksBuildPhase;
			buildActionMask = 2147483647;
			files = (
				6B8B1A7D1A20F81364B18D18 /* Pods_ZemogaMobileTest_ZemogaMobileTestUITests.framework in Frameworks */,
			);
			runOnlyForDeploymentPostprocessing = 0;
		};
/* End PBXFrameworksBuildPhase section */

/* Begin PBXGroup section */
		128FA203291FCA17EEC84E7A /* Pods */ = {
			isa = PBXGroup;
			children = (
				401B2A01E875BBE389A66A8D /* Pods-ZemogaMobileTest.debug.xcconfig */,
				461B42458ADE147BFA1ACF40 /* Pods-ZemogaMobileTest.release.xcconfig */,
				BD8CE3D272FAF11F32DF6804 /* Pods-ZemogaMobileTest-ZemogaMobileTestUITests.debug.xcconfig */,
				B407363C218EF0F37442F77E /* Pods-ZemogaMobileTest-ZemogaMobileTestUITests.release.xcconfig */,
				14167E50673DA9011B15C9AF /* Pods-ZemogaMobileTestTests.debug.xcconfig */,
				1E12A13206CF1EC5DF656730 /* Pods-ZemogaMobileTestTests.release.xcconfig */,
			);
			path = Pods;
			sourceTree = "<group>";
		};
		8AD26AA1E8CEB699E34716D4 /* Frameworks */ = {
			isa = PBXGroup;
			children = (
				20ED8E3505937474F9A20E94 /* Pods_ZemogaMobileTest.framework */,
				2687BB4AE5E840CF817503CC /* Pods_ZemogaMobileTest_ZemogaMobileTestUITests.framework */,
				89E8BE0072D9379C904DC8C3 /* Pods_ZemogaMobileTestTests.framework */,
			);
			name = Frameworks;
			sourceTree = "<group>";
		};
		ED01391F27B142A00042B695 /* CommentsList */ = {
			isa = PBXGroup;
			children = (
				ED01392227B142F70042B695 /* CommentsTableViewCell.swift */,
				ED01392327B142F70042B695 /* CommentsTableViewCell.xib */,
			);
			path = CommentsList;
			sourceTree = "<group>";
		};
		ED5A1F7227ACB36300A2A4AA /* Models */ = {
			isa = PBXGroup;
			children = (
				ED9411FD27AF5ED7005971DA /* Post.swift */,
				ED9411FF27AF6016005971DA /* PostInformation.swift */,
				ED94120127AF6675005971DA /* User.swift */,
				ED94120927B0C827005971DA /* RealmPost.swift */,
			);
			path = Models;
			sourceTree = "<group>";
		};
		ED5A1F7327ACB37500A2A4AA /* Views */ = {
			isa = PBXGroup;
			children = (
				ED5A1F8627AD434700A2A4AA /* Cells */,
				EDC6D1E627ACA94F00DC9818 /* ViewController.swift */,
				ED5A1F7A27ACFED500A2A4AA /* PostsListViewController.swift */,
				ED5A1F8227AD268F00A2A4AA /* NavigationViewController.swift */,
				ED70B7BF27AF238200388C54 /* PostInformationViewController.swift */,
			);
			path = Views;
			sourceTree = "<group>";
		};
		ED5A1F7427ACB38100A2A4AA /* ViewModels */ = {
			isa = PBXGroup;
			children = (
				ED94120527B08A41005971DA /* PostsListViewModel.swift */,
				ED01391B27B13B1F0042B695 /* PostInformationViewModel.swift */,
				ED01391D27B13F6E0042B695 /* PostCellViewModel.swift */,
				ED01392627B146D50042B695 /* CommentCellViewModel.swift */,
			);
			path = ViewModels;
			sourceTree = "<group>";
		};
		ED5A1F7627ACB74600A2A4AA /* Config */ = {
			isa = PBXGroup;
			children = (
				ED5A1F7727ACB75000A2A4AA /* DataBase */,
				ED5A1F7827ACB75D00A2A4AA /* Services */,
			);
			path = Config;
			sourceTree = "<group>";
		};
		ED5A1F7727ACB75000A2A4AA /* DataBase */ = {
			isa = PBXGroup;
			children = (
				ED94120727B0C776005971DA /* DBManager.swift */,
			);
			path = DataBase;
			sourceTree = "<group>";
		};
		ED5A1F7827ACB75D00A2A4AA /* Services */ = {
			isa = PBXGroup;
			children = (
				ED94120327B076D5005971DA /* APIManager.swift */,
			);
			path = Services;
			sourceTree = "<group>";
		};
		ED5A1F7927ACB7FC00A2A4AA /* Interfaces */ = {
			isa = PBXGroup;
			children = (
				EDC6D1E827ACA94F00DC9818 /* Main.storyboard */,
				EDC6D1ED27ACA95100DC9818 /* LaunchScreen.storyboard */,
			);
			path = Interfaces;
			sourceTree = "<group>";
		};
		ED5A1F7E27AD175600A2A4AA /* Utilities */ = {
			isa = PBXGroup;
			children = (
				ED5A1F7F27AD176B00A2A4AA /* Extensions */,
				EDC6D1E227ACA94F00DC9818 /* AppDelegate.swift */,
			);
			path = Utilities;
			sourceTree = "<group>";
		};
		ED5A1F7F27AD176B00A2A4AA /* Extensions */ = {
			isa = PBXGroup;
			children = (
				ED5A1F8027AD17C100A2A4AA /* UIColorExtension.swift */,
				ED01391927B138AB0042B695 /* Observable.swift */,
				ED6A962A27B38B9B00135312 /* NotificationBannerExtension.swift */,
			);
			path = Extensions;
			sourceTree = "<group>";
		};
		ED5A1F8627AD434700A2A4AA /* Cells */ = {
			isa = PBXGroup;
			children = (
				ED01391F27B142A00042B695 /* CommentsList */,
				ED5A1F9527AD6DFA00A2A4AA /* PostsList */,
			);
			path = Cells;
			sourceTree = "<group>";
		};
		ED5A1F9527AD6DFA00A2A4AA /* PostsList */ = {
			isa = PBXGroup;
			children = (
				ED5A1F9627AD6E1B00A2A4AA /* PostsListTableViewCell.swift */,
				ED5A1F9727AD6E1B00A2A4AA /* PostsListTableViewCell.xib */,
			);
			path = PostsList;
			sourceTree = "<group>";
		};
		EDC6D1D627ACA94F00DC9818 = {
			isa = PBXGroup;
			children = (
				EDC6D1E127ACA94F00DC9818 /* ZemogaMobileTest */,
				EDC6D1F827ACA95100DC9818 /* ZemogaMobileTestTests */,
				EDC6D20227ACA95100DC9818 /* ZemogaMobileTestUITests */,
				EDC6D1E027ACA94F00DC9818 /* Products */,
				128FA203291FCA17EEC84E7A /* Pods */,
				8AD26AA1E8CEB699E34716D4 /* Frameworks */,
			);
			sourceTree = "<group>";
		};
		EDC6D1E027ACA94F00DC9818 /* Products */ = {
			isa = PBXGroup;
			children = (
				EDC6D1DF27ACA94F00DC9818 /* ZemogaMobileTest.app */,
				EDC6D1F527ACA95100DC9818 /* ZemogaMobileTestTests.xctest */,
				EDC6D1FF27ACA95100DC9818 /* ZemogaMobileTestUITests.xctest */,
			);
			name = Products;
			sourceTree = "<group>";
		};
		EDC6D1E127ACA94F00DC9818 /* ZemogaMobileTest */ = {
			isa = PBXGroup;
			children = (
				ED5A1F7627ACB74600A2A4AA /* Config */,
				ED5A1F7227ACB36300A2A4AA /* Models */,
				ED5A1F7327ACB37500A2A4AA /* Views */,
				ED5A1F7427ACB38100A2A4AA /* ViewModels */,
				ED5A1F7927ACB7FC00A2A4AA /* Interfaces */,
				ED5A1F7E27AD175600A2A4AA /* Utilities */,
				EDC6D1E427ACA94F00DC9818 /* SceneDelegate.swift */,
				EDC6D1EB27ACA95100DC9818 /* Assets.xcassets */,
				EDC6D1F027ACA95100DC9818 /* Info.plist */,
			);
			path = ZemogaMobileTest;
			sourceTree = "<group>";
		};
		EDC6D1F827ACA95100DC9818 /* ZemogaMobileTestTests */ = {
			isa = PBXGroup;
			children = (
				EDC6D1F927ACA95100DC9818 /* ZemogaMobileTestTests.swift */,
			);
			path = ZemogaMobileTestTests;
			sourceTree = "<group>";
		};
		EDC6D20227ACA95100DC9818 /* ZemogaMobileTestUITests */ = {
			isa = PBXGroup;
			children = (
				EDC6D20327ACA95100DC9818 /* ZemogaMobileTestUITests.swift */,
				EDC6D20527ACA95100DC9818 /* ZemogaMobileTestUITestsLaunchTests.swift */,
			);
			path = ZemogaMobileTestUITests;
			sourceTree = "<group>";
		};
/* End PBXGroup section */

/* Begin PBXNativeTarget section */
		EDC6D1DE27ACA94F00DC9818 /* ZemogaMobileTest */ = {
			isa = PBXNativeTarget;
			buildConfigurationList = EDC6D20927ACA95100DC9818 /* Build configuration list for PBXNativeTarget "ZemogaMobileTest" */;
			buildPhases = (
				2BEA17BFA4D3406D438C6EEB /* [CP] Check Pods Manifest.lock */,
				EDC6D1DB27ACA94F00DC9818 /* Sources */,
				EDC6D1DC27ACA94F00DC9818 /* Frameworks */,
				EDC6D1DD27ACA94F00DC9818 /* Resources */,
				D4B4510D3219C121AD0FAB42 /* [CP] Embed Pods Frameworks */,
			);
			buildRules = (
			);
			dependencies = (
			);
			name = ZemogaMobileTest;
			productName = ZemogaMobileTest;
			productReference = EDC6D1DF27ACA94F00DC9818 /* ZemogaMobileTest.app */;
			productType = "com.apple.product-type.application";
		};
		EDC6D1F427ACA95100DC9818 /* ZemogaMobileTestTests */ = {
			isa = PBXNativeTarget;
			buildConfigurationList = EDC6D20C27ACA95100DC9818 /* Build configuration list for PBXNativeTarget "ZemogaMobileTestTests" */;
			buildPhases = (
				B441B434D594DA74C2C540A1 /* [CP] Check Pods Manifest.lock */,
				EDC6D1F127ACA95100DC9818 /* Sources */,
				EDC6D1F227ACA95100DC9818 /* Frameworks */,
				EDC6D1F327ACA95100DC9818 /* Resources */,
			);
			buildRules = (
			);
			dependencies = (
				EDC6D1F727ACA95100DC9818 /* PBXTargetDependency */,
			);
			name = ZemogaMobileTestTests;
			productName = ZemogaMobileTestTests;
			productReference = EDC6D1F527ACA95100DC9818 /* ZemogaMobileTestTests.xctest */;
			productType = "com.apple.product-type.bundle.unit-test";
		};
		EDC6D1FE27ACA95100DC9818 /* ZemogaMobileTestUITests */ = {
			isa = PBXNativeTarget;
			buildConfigurationList = EDC6D20F27ACA95100DC9818 /* Build configuration list for PBXNativeTarget "ZemogaMobileTestUITests" */;
			buildPhases = (
				64540F32551C944BCAD3FCD9 /* [CP] Check Pods Manifest.lock */,
				EDC6D1FB27ACA95100DC9818 /* Sources */,
				EDC6D1FC27ACA95100DC9818 /* Frameworks */,
				EDC6D1FD27ACA95100DC9818 /* Resources */,
				13FBB0483EBFF8B5AC4EDEEA /* [CP] Embed Pods Frameworks */,
			);
			buildRules = (
			);
			dependencies = (
				EDC6D20127ACA95100DC9818 /* PBXTargetDependency */,
			);
			name = ZemogaMobileTestUITests;
			productName = ZemogaMobileTestUITests;
			productReference = EDC6D1FF27ACA95100DC9818 /* ZemogaMobileTestUITests.xctest */;
			productType = "com.apple.product-type.bundle.ui-testing";
		};
/* End PBXNativeTarget section */

/* Begin PBXProject section */
		EDC6D1D727ACA94F00DC9818 /* Project object */ = {
			isa = PBXProject;
			attributes = {
				BuildIndependentTargetsInParallel = 1;
				LastSwiftUpdateCheck = 1320;
				LastUpgradeCheck = 1320;
				TargetAttributes = {
					EDC6D1DE27ACA94F00DC9818 = {
						CreatedOnToolsVersion = 13.2.1;
					};
					EDC6D1F427ACA95100DC9818 = {
						CreatedOnToolsVersion = 13.2.1;
						TestTargetID = EDC6D1DE27ACA94F00DC9818;
					};
					EDC6D1FE27ACA95100DC9818 = {
						CreatedOnToolsVersion = 13.2.1;
						TestTargetID = EDC6D1DE27ACA94F00DC9818;
					};
				};
			};
			buildConfigurationList = EDC6D1DA27ACA94F00DC9818 /* Build configuration list for PBXProject "ZemogaMobileTest" */;
			compatibilityVersion = "Xcode 13.0";
			developmentRegion = en;
			hasScannedForEncodings = 0;
			knownRegions = (
				en,
				Base,
			);
			mainGroup = EDC6D1D627ACA94F00DC9818;
			productRefGroup = EDC6D1E027ACA94F00DC9818 /* Products */;
			projectDirPath = "";
			projectRoot = "";
			targets = (
				EDC6D1DE27ACA94F00DC9818 /* ZemogaMobileTest */,
				EDC6D1F427ACA95100DC9818 /* ZemogaMobileTestTests */,
				EDC6D1FE27ACA95100DC9818 /* ZemogaMobileTestUITests */,
			);
		};
/* End PBXProject section */

/* Begin PBXResourcesBuildPhase section */
		EDC6D1DD27ACA94F00DC9818 /* Resources */ = {
			isa = PBXResourcesBuildPhase;
			buildActionMask = 2147483647;
			files = (
				EDC6D1EF27ACA95100DC9818 /* LaunchScreen.storyboard in Resources */,
				EDC6D1EC27ACA95100DC9818 /* Assets.xcassets in Resources */,
				ED5A1F9927AD6E1B00A2A4AA /* PostsListTableViewCell.xib in Resources */,
				EDC6D1EA27ACA94F00DC9818 /* Main.storyboard in Resources */,
				ED01392527B142F70042B695 /* CommentsTableViewCell.xib in Resources */,
			);
			runOnlyForDeploymentPostprocessing = 0;
		};
		EDC6D1F327ACA95100DC9818 /* Resources */ = {
			isa = PBXResourcesBuildPhase;
			buildActionMask = 2147483647;
			files = (
			);
			runOnlyForDeploymentPostprocessing = 0;
		};
		EDC6D1FD27ACA95100DC9818 /* Resources */ = {
			isa = PBXResourcesBuildPhase;
			buildActionMask = 2147483647;
			files = (
			);
			runOnlyForDeploymentPostprocessing = 0;
		};
/* End PBXResourcesBuildPhase section */

/* Begin PBXShellScriptBuildPhase section */
		13FBB0483EBFF8B5AC4EDEEA /* [CP] Embed Pods Frameworks */ = {
			isa = PBXShellScriptBuildPhase;
			buildActionMask = 2147483647;
			files = (
			);
			inputFileListPaths = (
				"${PODS_ROOT}/Target Support Files/Pods-ZemogaMobileTest-ZemogaMobileTestUITests/Pods-ZemogaMobileTest-ZemogaMobileTestUITests-frameworks-${CONFIGURATION}-input-files.xcfilelist",
			);
			name = "[CP] Embed Pods Frameworks";
			outputFileListPaths = (
				"${PODS_ROOT}/Target Support Files/Pods-ZemogaMobileTest-ZemogaMobileTestUITests/Pods-ZemogaMobileTest-ZemogaMobileTestUITests-frameworks-${CONFIGURATION}-output-files.xcfilelist",
			);
			runOnlyForDeploymentPostprocessing = 0;
			shellPath = /bin/sh;
			shellScript = "\"${PODS_ROOT}/Target Support Files/Pods-ZemogaMobileTest-ZemogaMobileTestUITests/Pods-ZemogaMobileTest-ZemogaMobileTestUITests-frameworks.sh\"\n";
			showEnvVarsInLog = 0;
		};
		2BEA17BFA4D3406D438C6EEB /* [CP] Check Pods Manifest.lock */ = {
			isa = PBXShellScriptBuildPhase;
			buildActionMask = 2147483647;
			files = (
			);
			inputFileListPaths = (
			);
			inputPaths = (
				"${PODS_PODFILE_DIR_PATH}/Podfile.lock",
				"${PODS_ROOT}/Manifest.lock",
			);
			name = "[CP] Check Pods Manifest.lock";
			outputFileListPaths = (
			);
			outputPaths = (
				"$(DERIVED_FILE_DIR)/Pods-ZemogaMobileTest-checkManifestLockResult.txt",
			);
			runOnlyForDeploymentPostprocessing = 0;
			shellPath = /bin/sh;
			shellScript = "diff \"${PODS_PODFILE_DIR_PATH}/Podfile.lock\" \"${PODS_ROOT}/Manifest.lock\" > /dev/null\nif [ $? != 0 ] ; then\n    # print error to STDERR\n    echo \"error: The sandbox is not in sync with the Podfile.lock. Run 'pod install' or update your CocoaPods installation.\" >&2\n    exit 1\nfi\n# This output is used by Xcode 'outputs' to avoid re-running this script phase.\necho \"SUCCESS\" > \"${SCRIPT_OUTPUT_FILE_0}\"\n";
			showEnvVarsInLog = 0;
		};
		64540F32551C944BCAD3FCD9 /* [CP] Check Pods Manifest.lock */ = {
			isa = PBXShellScriptBuildPhase;
			buildActionMask = 2147483647;
			files = (
			);
			inputFileListPaths = (
			);
			inputPaths = (
				"${PODS_PODFILE_DIR_PATH}/Podfile.lock",
				"${PODS_ROOT}/Manifest.lock",
			);
			name = "[CP] Check Pods Manifest.lock";
			outputFileListPaths = (
			);
			outputPaths = (
				"$(DERIVED_FILE_DIR)/Pods-ZemogaMobileTest-ZemogaMobileTestUITests-checkManifestLockResult.txt",
			);
			runOnlyForDeploymentPostprocessing = 0;
			shellPath = /bin/sh;
			shellScript = "diff \"${PODS_PODFILE_DIR_PATH}/Podfile.lock\" \"${PODS_ROOT}/Manifest.lock\" > /dev/null\nif [ $? != 0 ] ; then\n    # print error to STDERR\n    echo \"error: The sandbox is not in sync with the Podfile.lock. Run 'pod install' or update your CocoaPods installation.\" >&2\n    exit 1\nfi\n# This output is used by Xcode 'outputs' to avoid re-running this script phase.\necho \"SUCCESS\" > \"${SCRIPT_OUTPUT_FILE_0}\"\n";
			showEnvVarsInLog = 0;
		};
		B441B434D594DA74C2C540A1 /* [CP] Check Pods Manifest.lock */ = {
			isa = PBXShellScriptBuildPhase;
			buildActionMask = 2147483647;
			files = (
			);
			inputFileListPaths = (
			);
			inputPaths = (
				"${PODS_PODFILE_DIR_PATH}/Podfile.lock",
				"${PODS_ROOT}/Manifest.lock",
			);
			name = "[CP] Check Pods Manifest.lock";
			outputFileListPaths = (
			);
			outputPaths = (
				"$(DERIVED_FILE_DIR)/Pods-ZemogaMobileTestTests-checkManifestLockResult.txt",
			);
			runOnlyForDeploymentPostprocessing = 0;
			shellPath = /bin/sh;
			shellScript = "diff \"${PODS_PODFILE_DIR_PATH}/Podfile.lock\" \"${PODS_ROOT}/Manifest.lock\" > /dev/null\nif [ $? != 0 ] ; then\n    # print error to STDERR\n    echo \"error: The sandbox is not in sync with the Podfile.lock. Run 'pod install' or update your CocoaPods installation.\" >&2\n    exit 1\nfi\n# This output is used by Xcode 'outputs' to avoid re-running this script phase.\necho \"SUCCESS\" > \"${SCRIPT_OUTPUT_FILE_0}\"\n";
			showEnvVarsInLog = 0;
		};
		D4B4510D3219C121AD0FAB42 /* [CP] Embed Pods Frameworks */ = {
			isa = PBXShellScriptBuildPhase;
			buildActionMask = 2147483647;
			files = (
			);
			inputFileListPaths = (
				"${PODS_ROOT}/Target Support Files/Pods-ZemogaMobileTest/Pods-ZemogaMobileTest-frameworks-${CONFIGURATION}-input-files.xcfilelist",
			);
			name = "[CP] Embed Pods Frameworks";
			outputFileListPaths = (
				"${PODS_ROOT}/Target Support Files/Pods-ZemogaMobileTest/Pods-ZemogaMobileTest-frameworks-${CONFIGURATION}-output-files.xcfilelist",
			);
			runOnlyForDeploymentPostprocessing = 0;
			shellPath = /bin/sh;
			shellScript = "\"${PODS_ROOT}/Target Support Files/Pods-ZemogaMobileTest/Pods-ZemogaMobileTest-frameworks.sh\"\n";
			showEnvVarsInLog = 0;
		};
/* End PBXShellScriptBuildPhase section */

/* Begin PBXSourcesBuildPhase section */
		EDC6D1DB27ACA94F00DC9818 /* Sources */ = {
			isa = PBXSourcesBuildPhase;
			buildActionMask = 2147483647;
			files = (
				ED01392727B146D50042B695 /* CommentCellViewModel.swift in Sources */,
				ED94120427B076D5005971DA /* APIManager.swift in Sources */,
				ED5A1F8327AD268F00A2A4AA /* NavigationViewController.swift in Sources */,
				ED5A1F9827AD6E1B00A2A4AA /* PostsListTableViewCell.swift in Sources */,
				ED01391A27B138AB0042B695 /* Observable.swift in Sources */,
				ED5A1F7B27ACFED500A2A4AA /* PostsListViewController.swift in Sources */,
				EDC6D1E727ACA94F00DC9818 /* ViewController.swift in Sources */,
				ED94120A27B0C827005971DA /* RealmPost.swift in Sources */,
				ED94120027AF6016005971DA /* PostInformation.swift in Sources */,
				ED5A1F8127AD17C100A2A4AA /* UIColorExtension.swift in Sources */,
				ED01392427B142F70042B695 /* CommentsTableViewCell.swift in Sources */,
				EDC6D1E327ACA94F00DC9818 /* AppDelegate.swift in Sources */,
				ED01391C27B13B1F0042B695 /* PostInformationViewModel.swift in Sources */,
				ED9411FE27AF5ED7005971DA /* Post.swift in Sources */,
				EDC6D1E527ACA94F00DC9818 /* SceneDelegate.swift in Sources */,
				ED6A962B27B38B9B00135312 /* NotificationBannerExtension.swift in Sources */,
				ED94120627B08A41005971DA /* PostsListViewModel.swift in Sources */,
				ED01391E27B13F6E0042B695 /* PostCellViewModel.swift in Sources */,
				ED70B7C027AF238200388C54 /* PostInformationViewController.swift in Sources */,
				ED94120227AF6675005971DA /* User.swift in Sources */,
				ED94120827B0C776005971DA /* DBManager.swift in Sources */,
			);
			runOnlyForDeploymentPostprocessing = 0;
		};
		EDC6D1F127ACA95100DC9818 /* Sources */ = {
			isa = PBXSourcesBuildPhase;
			buildActionMask = 2147483647;
			files = (
				EDC6D1FA27ACA95100DC9818 /* ZemogaMobileTestTests.swift in Sources */,
			);
			runOnlyForDeploymentPostprocessing = 0;
		};
		EDC6D1FB27ACA95100DC9818 /* Sources */ = {
			isa = PBXSourcesBuildPhase;
			buildActionMask = 2147483647;
			files = (
				EDC6D20427ACA95100DC9818 /* ZemogaMobileTestUITests.swift in Sources */,
				EDC6D20627ACA95100DC9818 /* ZemogaMobileTestUITestsLaunchTests.swift in Sources */,
			);
			runOnlyForDeploymentPostprocessing = 0;
		};
/* End PBXSourcesBuildPhase section */

/* Begin PBXTargetDependency section */
		EDC6D1F727ACA95100DC9818 /* PBXTargetDependency */ = {
			isa = PBXTargetDependency;
			target = EDC6D1DE27ACA94F00DC9818 /* ZemogaMobileTest */;
			targetProxy = EDC6D1F627ACA95100DC9818 /* PBXContainerItemProxy */;
		};
		EDC6D20127ACA95100DC9818 /* PBXTargetDependency */ = {
			isa = PBXTargetDependency;
			target = EDC6D1DE27ACA94F00DC9818 /* ZemogaMobileTest */;
			targetProxy = EDC6D20027ACA95100DC9818 /* PBXContainerItemProxy */;
		};
/* End PBXTargetDependency section */

/* Begin PBXVariantGroup section */
		EDC6D1E827ACA94F00DC9818 /* Main.storyboard */ = {
			isa = PBXVariantGroup;
			children = (
				EDC6D1E927ACA94F00DC9818 /* Base */,
			);
			name = Main.storyboard;
			sourceTree = "<group>";
		};
		EDC6D1ED27ACA95100DC9818 /* LaunchScreen.storyboard */ = {
			isa = PBXVariantGroup;
			children = (
				EDC6D1EE27ACA95100DC9818 /* Base */,
			);
			name = LaunchScreen.storyboard;
			sourceTree = "<group>";
		};
/* End PBXVariantGroup section */

/* Begin XCBuildConfiguration section */
		EDC6D20727ACA95100DC9818 /* Debug */ = {
			isa = XCBuildConfiguration;
			buildSettings = {
				ALWAYS_SEARCH_USER_PATHS = NO;
				CLANG_ANALYZER_NONNULL = YES;
				CLANG_ANALYZER_NUMBER_OBJECT_CONVERSION = YES_AGGRESSIVE;
				CLANG_CXX_LANGUAGE_STANDARD = "gnu++17";
				CLANG_CXX_LIBRARY = "libc++";
				CLANG_ENABLE_MODULES = YES;
				CLANG_ENABLE_OBJC_ARC = YES;
				CLANG_ENABLE_OBJC_WEAK = YES;
				CLANG_WARN_BLOCK_CAPTURE_AUTORELEASING = YES;
				CLANG_WARN_BOOL_CONVERSION = YES;
				CLANG_WARN_COMMA = YES;
				CLANG_WARN_CONSTANT_CONVERSION = YES;
				CLANG_WARN_DEPRECATED_OBJC_IMPLEMENTATIONS = YES;
				CLANG_WARN_DIRECT_OBJC_ISA_USAGE = YES_ERROR;
				CLANG_WARN_DOCUMENTATION_COMMENTS = YES;
				CLANG_WARN_EMPTY_BODY = YES;
				CLANG_WARN_ENUM_CONVERSION = YES;
				CLANG_WARN_INFINITE_RECURSION = YES;
				CLANG_WARN_INT_CONVERSION = YES;
				CLANG_WARN_NON_LITERAL_NULL_CONVERSION = YES;
				CLANG_WARN_OBJC_IMPLICIT_RETAIN_SELF = YES;
				CLANG_WARN_OBJC_LITERAL_CONVERSION = YES;
				CLANG_WARN_OBJC_ROOT_CLASS = YES_ERROR;
				CLANG_WARN_QUOTED_INCLUDE_IN_FRAMEWORK_HEADER = YES;
				CLANG_WARN_RANGE_LOOP_ANALYSIS = YES;
				CLANG_WARN_STRICT_PROTOTYPES = YES;
				CLANG_WARN_SUSPICIOUS_MOVE = YES;
				CLANG_WARN_UNGUARDED_AVAILABILITY = YES_AGGRESSIVE;
				CLANG_WARN_UNREACHABLE_CODE = YES;
				CLANG_WARN__DUPLICATE_METHOD_MATCH = YES;
				COPY_PHASE_STRIP = NO;
				DEBUG_INFORMATION_FORMAT = dwarf;
				ENABLE_STRICT_OBJC_MSGSEND = YES;
				ENABLE_TESTABILITY = YES;
				GCC_C_LANGUAGE_STANDARD = gnu11;
				GCC_DYNAMIC_NO_PIC = NO;
				GCC_NO_COMMON_BLOCKS = YES;
				GCC_OPTIMIZATION_LEVEL = 0;
				GCC_PREPROCESSOR_DEFINITIONS = (
					"DEBUG=1",
					"$(inherited)",
				);
				GCC_WARN_64_TO_32_BIT_CONVERSION = YES;
				GCC_WARN_ABOUT_RETURN_TYPE = YES_ERROR;
				GCC_WARN_UNDECLARED_SELECTOR = YES;
				GCC_WARN_UNINITIALIZED_AUTOS = YES_AGGRESSIVE;
				GCC_WARN_UNUSED_FUNCTION = YES;
				GCC_WARN_UNUSED_VARIABLE = YES;
				IPHONEOS_DEPLOYMENT_TARGET = 14.0;
				MTL_ENABLE_DEBUG_INFO = INCLUDE_SOURCE;
				MTL_FAST_MATH = YES;
				ONLY_ACTIVE_ARCH = YES;
				SDKROOT = iphoneos;
				SWIFT_ACTIVE_COMPILATION_CONDITIONS = DEBUG;
				SWIFT_OPTIMIZATION_LEVEL = "-Onone";
			};
			name = Debug;
		};
		EDC6D20827ACA95100DC9818 /* Release */ = {
			isa = XCBuildConfiguration;
			buildSettings = {
				ALWAYS_SEARCH_USER_PATHS = NO;
				CLANG_ANALYZER_NONNULL = YES;
				CLANG_ANALYZER_NUMBER_OBJECT_CONVERSION = YES_AGGRESSIVE;
				CLANG_CXX_LANGUAGE_STANDARD = "gnu++17";
				CLANG_CXX_LIBRARY = "libc++";
				CLANG_ENABLE_MODULES = YES;
				CLANG_ENABLE_OBJC_ARC = YES;
				CLANG_ENABLE_OBJC_WEAK = YES;
				CLANG_WARN_BLOCK_CAPTURE_AUTORELEASING = YES;
				CLANG_WARN_BOOL_CONVERSION = YES;
				CLANG_WARN_COMMA = YES;
				CLANG_WARN_CONSTANT_CONVERSION = YES;
				CLANG_WARN_DEPRECATED_OBJC_IMPLEMENTATIONS = YES;
				CLANG_WARN_DIRECT_OBJC_ISA_USAGE = YES_ERROR;
				CLANG_WARN_DOCUMENTATION_COMMENTS = YES;
				CLANG_WARN_EMPTY_BODY = YES;
				CLANG_WARN_ENUM_CONVERSION = YES;
				CLANG_WARN_INFINITE_RECURSION = YES;
				CLANG_WARN_INT_CONVERSION = YES;
				CLANG_WARN_NON_LITERAL_NULL_CONVERSION = YES;
				CLANG_WARN_OBJC_IMPLICIT_RETAIN_SELF = YES;
				CLANG_WARN_OBJC_LITERAL_CONVERSION = YES;
				CLANG_WARN_OBJC_ROOT_CLASS = YES_ERROR;
				CLANG_WARN_QUOTED_INCLUDE_IN_FRAMEWORK_HEADER = YES;
				CLANG_WARN_RANGE_LOOP_ANALYSIS = YES;
				CLANG_WARN_STRICT_PROTOTYPES = YES;
				CLANG_WARN_SUSPICIOUS_MOVE = YES;
				CLANG_WARN_UNGUARDED_AVAILABILITY = YES_AGGRESSIVE;
				CLANG_WARN_UNREACHABLE_CODE = YES;
				CLANG_WARN__DUPLICATE_METHOD_MATCH = YES;
				COPY_PHASE_STRIP = NO;
				DEBUG_INFORMATION_FORMAT = "dwarf-with-dsym";
				ENABLE_NS_ASSERTIONS = NO;
				ENABLE_STRICT_OBJC_MSGSEND = YES;
				GCC_C_LANGUAGE_STANDARD = gnu11;
				GCC_NO_COMMON_BLOCKS = YES;
				GCC_WARN_64_TO_32_BIT_CONVERSION = YES;
				GCC_WARN_ABOUT_RETURN_TYPE = YES_ERROR;
				GCC_WARN_UNDECLARED_SELECTOR = YES;
				GCC_WARN_UNINITIALIZED_AUTOS = YES_AGGRESSIVE;
				GCC_WARN_UNUSED_FUNCTION = YES;
				GCC_WARN_UNUSED_VARIABLE = YES;
				IPHONEOS_DEPLOYMENT_TARGET = 14.0;
				MTL_ENABLE_DEBUG_INFO = NO;
				MTL_FAST_MATH = YES;
				SDKROOT = iphoneos;
				SWIFT_COMPILATION_MODE = wholemodule;
				SWIFT_OPTIMIZATION_LEVEL = "-O";
				VALIDATE_PRODUCT = YES;
			};
			name = Release;
		};
		EDC6D20A27ACA95100DC9818 /* Debug */ = {
			isa = XCBuildConfiguration;
			baseConfigurationReference = 401B2A01E875BBE389A66A8D /* Pods-ZemogaMobileTest.debug.xcconfig */;
			buildSettings = {
				ASSETCATALOG_COMPILER_APPICON_NAME = AppIcon;
				ASSETCATALOG_COMPILER_GLOBAL_ACCENT_COLOR_NAME = AccentColor;
				CODE_SIGN_STYLE = Automatic;
				CURRENT_PROJECT_VERSION = 1;
				DEVELOPMENT_TEAM = Y9LG5WXWX8;
				GENERATE_INFOPLIST_FILE = YES;
				INFOPLIST_FILE = ZemogaMobileTest/Info.plist;
				INFOPLIST_KEY_UIApplicationSupportsIndirectInputEvents = YES;
				INFOPLIST_KEY_UILaunchStoryboardName = LaunchScreen;
				INFOPLIST_KEY_UIMainStoryboardFile = Main;
				INFOPLIST_KEY_UISupportedInterfaceOrientations_iPad = "UIInterfaceOrientationPortrait UIInterfaceOrientationPortraitUpsideDown UIInterfaceOrientationLandscapeLeft UIInterfaceOrientationLandscapeRight";
				INFOPLIST_KEY_UISupportedInterfaceOrientations_iPhone = "UIInterfaceOrientationPortrait UIInterfaceOrientationLandscapeLeft UIInterfaceOrientationLandscapeRight";
				IPHONEOS_DEPLOYMENT_TARGET = 14.0;
				LD_RUNPATH_SEARCH_PATHS = (
					"$(inherited)",
					"@executable_path/Frameworks",
				);
				MARKETING_VERSION = 1.0;
				PRODUCT_BUNDLE_IDENTIFIER = com.hexagon.ZemogaMobileTest;
				PRODUCT_NAME = "$(TARGET_NAME)";
				SWIFT_EMIT_LOC_STRINGS = YES;
				SWIFT_VERSION = 5.0;
				TARGETED_DEVICE_FAMILY = "1,2";
			};
			name = Debug;
		};
		EDC6D20B27ACA95100DC9818 /* Release */ = {
			isa = XCBuildConfiguration;
			baseConfigurationReference = 461B42458ADE147BFA1ACF40 /* Pods-ZemogaMobileTest.release.xcconfig */;
			buildSettings = {
				ASSETCATALOG_COMPILER_APPICON_NAME = AppIcon;
				ASSETCATALOG_COMPILER_GLOBAL_ACCENT_COLOR_NAME = AccentColor;
				CODE_SIGN_STYLE = Automatic;
				CURRENT_PROJECT_VERSION = 1;
				DEVELOPMENT_TEAM = Y9LG5WXWX8;
				GENERATE_INFOPLIST_FILE = YES;
				INFOPLIST_FILE = ZemogaMobileTest/Info.plist;
				INFOPLIST_KEY_UIApplicationSupportsIndirectInputEvents = YES;
				INFOPLIST_KEY_UILaunchStoryboardName = LaunchScreen;
				INFOPLIST_KEY_UIMainStoryboardFile = Main;
				INFOPLIST_KEY_UISupportedInterfaceOrientations_iPad = "UIInterfaceOrientationPortrait UIInterfaceOrientationPortraitUpsideDown UIInterfaceOrientationLandscapeLeft UIInterfaceOrientationLandscapeRight";
				INFOPLIST_KEY_UISupportedInterfaceOrientations_iPhone = "UIInterfaceOrientationPortrait UIInterfaceOrientationLandscapeLeft UIInterfaceOrientationLandscapeRight";
				IPHONEOS_DEPLOYMENT_TARGET = 14.0;
				LD_RUNPATH_SEARCH_PATHS = (
					"$(inherited)",
					"@executable_path/Frameworks",
				);
				MARKETING_VERSION = 1.0;
				PRODUCT_BUNDLE_IDENTIFIER = com.hexagon.ZemogaMobileTest;
				PRODUCT_NAME = "$(TARGET_NAME)";
				SWIFT_EMIT_LOC_STRINGS = YES;
				SWIFT_VERSION = 5.0;
				TARGETED_DEVICE_FAMILY = "1,2";
			};
			name = Release;
		};
		EDC6D20D27ACA95100DC9818 /* Debug */ = {
			isa = XCBuildConfiguration;
			baseConfigurationReference = 14167E50673DA9011B15C9AF /* Pods-ZemogaMobileTestTests.debug.xcconfig */;
			buildSettings = {
				ALWAYS_EMBED_SWIFT_STANDARD_LIBRARIES = YES;
				BUNDLE_LOADER = "$(TEST_HOST)";
				CODE_SIGN_STYLE = Automatic;
				CURRENT_PROJECT_VERSION = 1;
				DEVELOPMENT_TEAM = 69J8NQYZZ5;
				GENERATE_INFOPLIST_FILE = YES;
				IPHONEOS_DEPLOYMENT_TARGET = 15.2;
				MARKETING_VERSION = 1.0;
				PRODUCT_BUNDLE_IDENTIFIER = com.hexagon.ZemogaMobileTestTests;
				PRODUCT_NAME = "$(TARGET_NAME)";
				SWIFT_EMIT_LOC_STRINGS = NO;
				SWIFT_VERSION = 5.0;
				TARGETED_DEVICE_FAMILY = "1,2";
				TEST_HOST = "$(BUILT_PRODUCTS_DIR)/ZemogaMobileTest.app/ZemogaMobileTest";
			};
			name = Debug;
		};
		EDC6D20E27ACA95100DC9818 /* Release */ = {
			isa = XCBuildConfiguration;
			baseConfigurationReference = 1E12A13206CF1EC5DF656730 /* Pods-ZemogaMobileTestTests.release.xcconfig */;
			buildSettings = {
				ALWAYS_EMBED_SWIFT_STANDARD_LIBRARIES = YES;
				BUNDLE_LOADER = "$(TEST_HOST)";
				CODE_SIGN_STYLE = Automatic;
				CURRENT_PROJECT_VERSION = 1;
				DEVELOPMENT_TEAM = 69J8NQYZZ5;
				GENERATE_INFOPLIST_FILE = YES;
				IPHONEOS_DEPLOYMENT_TARGET = 15.2;
				MARKETING_VERSION = 1.0;
				PRODUCT_BUNDLE_IDENTIFIER = com.hexagon.ZemogaMobileTestTests;
				PRODUCT_NAME = "$(TARGET_NAME)";
				SWIFT_EMIT_LOC_STRINGS = NO;
				SWIFT_VERSION = 5.0;
				TARGETED_DEVICE_FAMILY = "1,2";
				TEST_HOST = "$(BUILT_PRODUCTS_DIR)/ZemogaMobileTest.app/ZemogaMobileTest";
			};
			name = Release;
		};
		EDC6D21027ACA95100DC9818 /* Debug */ = {
			isa = XCBuildConfiguration;
			baseConfigurationReference = BD8CE3D272FAF11F32DF6804 /* Pods-ZemogaMobileTest-ZemogaMobileTestUITests.debug.xcconfig */;
			buildSettings = {
				ALWAYS_EMBED_SWIFT_STANDARD_LIBRARIES = YES;
				CODE_SIGN_STYLE = Automatic;
				CURRENT_PROJECT_VERSION = 1;
				DEVELOPMENT_TEAM = 69J8NQYZZ5;
				GENERATE_INFOPLIST_FILE = YES;
				MARKETING_VERSION = 1.0;
				PRODUCT_BUNDLE_IDENTIFIER = com.hexagon.ZemogaMobileTestUITests;
				PRODUCT_NAME = "$(TARGET_NAME)";
				SWIFT_EMIT_LOC_STRINGS = NO;
				SWIFT_VERSION = 5.0;
				TARGETED_DEVICE_FAMILY = "1,2";
				TEST_TARGET_NAME = ZemogaMobileTest;
			};
			name = Debug;
		};
		EDC6D21127ACA95100DC9818 /* Release */ = {
			isa = XCBuildConfiguration;
			baseConfigurationReference = B407363C218EF0F37442F77E /* Pods-ZemogaMobileTest-ZemogaMobileTestUITests.release.xcconfig */;
			buildSettings = {
				ALWAYS_EMBED_SWIFT_STANDARD_LIBRARIES = YES;
				CODE_SIGN_STYLE = Automatic;
				CURRENT_PROJECT_VERSION = 1;
				DEVELOPMENT_TEAM = 69J8NQYZZ5;
				GENERATE_INFOPLIST_FILE = YES;
				MARKETING_VERSION = 1.0;
				PRODUCT_BUNDLE_IDENTIFIER = com.hexagon.ZemogaMobileTestUITests;
				PRODUCT_NAME = "$(TARGET_NAME)";
				SWIFT_EMIT_LOC_STRINGS = NO;
				SWIFT_VERSION = 5.0;
				TARGETED_DEVICE_FAMILY = "1,2";
				TEST_TARGET_NAME = ZemogaMobileTest;
			};
			name = Release;
		};
/* End XCBuildConfiguration section */

/* Begin XCConfigurationList section */
		EDC6D1DA27ACA94F00DC9818 /* Build configuration list for PBXProject "ZemogaMobileTest" */ = {
			isa = XCConfigurationList;
			buildConfigurations = (
				EDC6D20727ACA95100DC9818 /* Debug */,
				EDC6D20827ACA95100DC9818 /* Release */,
			);
			defaultConfigurationIsVisible = 0;
			defaultConfigurationName = Release;
		};
		EDC6D20927ACA95100DC9818 /* Build configuration list for PBXNativeTarget "ZemogaMobileTest" */ = {
			isa = XCConfigurationList;
			buildConfigurations = (
				EDC6D20A27ACA95100DC9818 /* Debug */,
				EDC6D20B27ACA95100DC9818 /* Release */,
			);
			defaultConfigurationIsVisible = 0;
			defaultConfigurationName = Release;
		};
		EDC6D20C27ACA95100DC9818 /* Build configuration list for PBXNativeTarget "ZemogaMobileTestTests" */ = {
			isa = XCConfigurationList;
			buildConfigurations = (
				EDC6D20D27ACA95100DC9818 /* Debug */,
				EDC6D20E27ACA95100DC9818 /* Release */,
			);
			defaultConfigurationIsVisible = 0;
			defaultConfigurationName = Release;
		};
		EDC6D20F27ACA95100DC9818 /* Build configuration list for PBXNativeTarget "ZemogaMobileTestUITests" */ = {
			isa = XCConfigurationList;
			buildConfigurations = (
				EDC6D21027ACA95100DC9818 /* Debug */,
				EDC6D21127ACA95100DC9818 /* Release */,
			);
			defaultConfigurationIsVisible = 0;
			defaultConfigurationName = Release;
		};
/* End XCConfigurationList section */
	};
	rootObject = EDC6D1D727ACA94F00DC9818 /* Project object */;
}
